
Microsoft Visual Studio Solution File, Format Version 12.00
# Visual Studio 15
VisualStudioVersion = 15.0.27130.2024
MinimumVisualStudioVersion = 10.0.40219.1
Project("{FAE04EC0-301F-11D3-BF4B-00C04F79EFBC}") = "UI", "MyApp\UI.csproj", "{1A12CF3E-532C-4D23-B3F5-78E906BA1781}"
EndProject
Project("{FAE04EC0-301F-11D3-BF4B-00C04F79EFBC}") = "DAL", "DAL\DAL.csproj", "{1392DC75-FEC1-4241-8916-81B0E4D71B53}"
EndProject
Project("{FAE04EC0-301F-11D3-BF4B-00C04F79EFBC}") = "API", "API\API.csproj", "{0A99A18D-9397-4D8B-95A8-39762F0B406E}"
EndProject
Global
	GlobalSection(SolutionConfigurationPlatforms) = preSolution
		Debug|Any CPU = Debug|Any CPU
		Release|Any CPU = Release|Any CPU
	EndGlobalSection
	GlobalSection(ProjectConfigurationPlatforms) = postSolution
		{1A12CF3E-532C-4D23-B3F5-78E906BA1781}.Debug|Any CPU.ActiveCfg = Debug|Any CPU
		{1A12CF3E-532C-4D23-B3F5-78E906BA1781}.Debug|Any CPU.Build.0 = Debug|Any CPU
		{1A12CF3E-532C-4D23-B3F5-78E906BA1781}.Release|Any CPU.ActiveCfg = Release|Any CPU
		{1A12CF3E-532C-4D23-B3F5-78E906BA1781}.Release|Any CPU.Build.0 = Release|Any CPU
		{1392DC75-FEC1-4241-8916-81B0E4D71B53}.Debug|Any CPU.ActiveCfg = Debug|Any CPU
		{1392DC75-FEC1-4241-8916-81B0E4D71B53}.Debug|Any CPU.Build.0 = Debug|Any CPU
		{1392DC75-FEC1-4241-8916-81B0E4D71B53}.Release|Any CPU.ActiveCfg = Release|Any CPU
		{1392DC75-FEC1-4241-8916-81B0E4D71B53}.Release|Any CPU.Build.0 = Release|Any CPU
		{0A99A18D-9397-4D8B-95A8-39762F0B406E}.Debug|Any CPU.ActiveCfg = Debug|Any CPU
		{0A99A18D-9397-4D8B-95A8-39762F0B406E}.Debug|Any CPU.Build.0 = Debug|Any CPU
		{0A99A18D-9397-4D8B-95A8-39762F0B406E}.Release|Any CPU.ActiveCfg = Release|Any CPU
		{0A99A18D-9397-4D8B-95A8-39762F0B406E}.Release|Any CPU.Build.0 = Release|Any CPU
	EndGlobalSection
	GlobalSection(SolutionProperties) = preSolution
		HideSolutionNode = FALSE
	EndGlobalSection
	GlobalSection(ExtensibilityGlobals) = postSolution
		SolutionGuid = {82B14A88-9DDC-4812-BA93-2505FF4DED78}
	EndGlobalSection
EndGlobal
