
Microsoft Visual Studio Solution File, Format Version 12.00
# Visual Studio 15
VisualStudioVersion = 15.0.27130.2024
MinimumVisualStudioVersion = 10.0.40219.1
Project("{FAE04EC0-301F-11D3-BF4B-00C04F79EFBC}") = "MyApp", "MyApp\MyApp.csproj", "{1A12CF3E-532C-4D23-B3F5-78E906BA1781}"
EndProject
Global
	GlobalSection(SolutionConfigurationPlatforms) = preSolution
		Debug|Any CPU = Debug|Any CPU
		Release|Any CPU = Release|Any CPU
	EndGlobalSection
	GlobalSection(ProjectConfigurationPlatforms) = postSolution
		{1A12CF3E-532C-4D23-B3F5-78E906BA1781}.Debug|Any CPU.ActiveCfg = Debug|Any CPU
		{1A12CF3E-532C-4D23-B3F5-78E906BA1781}.Debug|Any CPU.Build.0 = Debug|Any CPU
		{1A12CF3E-532C-4D23-B3F5-78E906BA1781}.Release|Any CPU.ActiveCfg = Release|Any CPU
		{1A12CF3E-532C-4D23-B3F5-78E906BA1781}.Release|Any CPU.Build.0 = Release|Any CPU
	EndGlobalSection
	GlobalSection(SolutionProperties) = preSolution
		HideSolutionNode = FALSE
	EndGlobalSection
	GlobalSection(ExtensibilityGlobals) = postSolution
		SolutionGuid = {82B14A88-9DDC-4812-BA93-2505FF4DED78}
	EndGlobalSection
EndGlobal
